
Microsoft Visual Studio Solution File, Format Version 12.00
# Visual Studio 15
VisualStudioVersion = 15.0.27703.2047
MinimumVisualStudioVersion = 10.0.40219.1
Project("{9A19103F-16F7-4668-BE54-9A1E7A4F7556}") = "WebApi", "WebApi\WebApi.csproj", "{D7D34B0E-7A62-44F5-B4E1-32A7DAE2F701}"
EndProject
Project("{FAE04EC0-301F-11D3-BF4B-00C04F79EFBC}") = "MessageWebApi", "MessageWebApi\MessageWebApi.csproj", "{C910FAFF-CC7A-4831-A5C6-1712703CC6CA}"
EndProject
Project("{9A19103F-16F7-4668-BE54-9A1E7A4F7556}") = "DBlib", "ClassLibrary1\DBlib.csproj", "{2F6D9189-3189-49E8-B10C-CF10AE5D3B54}"
EndProject
Global
	GlobalSection(SolutionConfigurationPlatforms) = preSolution
		Debug|Any CPU = Debug|Any CPU
		Release|Any CPU = Release|Any CPU
	EndGlobalSection
	GlobalSection(ProjectConfigurationPlatforms) = postSolution
		{D7D34B0E-7A62-44F5-B4E1-32A7DAE2F701}.Debug|Any CPU.ActiveCfg = Debug|Any CPU
		{D7D34B0E-7A62-44F5-B4E1-32A7DAE2F701}.Debug|Any CPU.Build.0 = Debug|Any CPU
		{D7D34B0E-7A62-44F5-B4E1-32A7DAE2F701}.Release|Any CPU.ActiveCfg = Release|Any CPU
		{D7D34B0E-7A62-44F5-B4E1-32A7DAE2F701}.Release|Any CPU.Build.0 = Release|Any CPU
		{C910FAFF-CC7A-4831-A5C6-1712703CC6CA}.Debug|Any CPU.ActiveCfg = Debug|Any CPU
		{C910FAFF-CC7A-4831-A5C6-1712703CC6CA}.Debug|Any CPU.Build.0 = Debug|Any CPU
		{C910FAFF-CC7A-4831-A5C6-1712703CC6CA}.Release|Any CPU.ActiveCfg = Release|Any CPU
		{C910FAFF-CC7A-4831-A5C6-1712703CC6CA}.Release|Any CPU.Build.0 = Release|Any CPU
		{2F6D9189-3189-49E8-B10C-CF10AE5D3B54}.Debug|Any CPU.ActiveCfg = Debug|Any CPU
		{2F6D9189-3189-49E8-B10C-CF10AE5D3B54}.Debug|Any CPU.Build.0 = Debug|Any CPU
		{2F6D9189-3189-49E8-B10C-CF10AE5D3B54}.Release|Any CPU.ActiveCfg = Release|Any CPU
		{2F6D9189-3189-49E8-B10C-CF10AE5D3B54}.Release|Any CPU.Build.0 = Release|Any CPU
	EndGlobalSection
	GlobalSection(SolutionProperties) = preSolution
		HideSolutionNode = FALSE
	EndGlobalSection
	GlobalSection(ExtensibilityGlobals) = postSolution
		SolutionGuid = {0D55C9E5-4354-456C-8421-30A80895325B}
	EndGlobalSection
EndGlobal
