
Microsoft Visual Studio Solution File, Format Version 12.00
# Visual Studio 15
VisualStudioVersion = 15.0.27703.2026
MinimumVisualStudioVersion = 10.0.40219.1
Project("{FAE04EC0-301F-11D3-BF4B-00C04F79EFBC}") = "Airport", "Airport\Airport.csproj", "{7FEB675F-337A-4A31-9941-37DE1ABAF2C1}"
EndProject
Project("{E53339B2-1760-4266-BCC7-CA923CBCF16C}") = "docker-compose", "docker-compose.dcproj", "{D586ECD2-3110-4955-87AE-79FCC6A909D4}"
EndProject
Global
	GlobalSection(SolutionConfigurationPlatforms) = preSolution
		Debug|Any CPU = Debug|Any CPU
		Release|Any CPU = Release|Any CPU
	EndGlobalSection
	GlobalSection(ProjectConfigurationPlatforms) = postSolution
		{7FEB675F-337A-4A31-9941-37DE1ABAF2C1}.Debug|Any CPU.ActiveCfg = Debug|Any CPU
		{7FEB675F-337A-4A31-9941-37DE1ABAF2C1}.Debug|Any CPU.Build.0 = Debug|Any CPU
		{7FEB675F-337A-4A31-9941-37DE1ABAF2C1}.Release|Any CPU.ActiveCfg = Release|Any CPU
		{7FEB675F-337A-4A31-9941-37DE1ABAF2C1}.Release|Any CPU.Build.0 = Release|Any CPU
		{D586ECD2-3110-4955-87AE-79FCC6A909D4}.Debug|Any CPU.ActiveCfg = Debug|Any CPU
		{D586ECD2-3110-4955-87AE-79FCC6A909D4}.Debug|Any CPU.Build.0 = Debug|Any CPU
		{D586ECD2-3110-4955-87AE-79FCC6A909D4}.Release|Any CPU.ActiveCfg = Release|Any CPU
		{D586ECD2-3110-4955-87AE-79FCC6A909D4}.Release|Any CPU.Build.0 = Release|Any CPU
	EndGlobalSection
	GlobalSection(SolutionProperties) = preSolution
		HideSolutionNode = FALSE
	EndGlobalSection
	GlobalSection(ExtensibilityGlobals) = postSolution
		SolutionGuid = {8F67FFF3-27E0-496B-B6C6-91B8D99E0C53}
	EndGlobalSection
EndGlobal
